PODS:
  - FBSnapshotTestCase (2.1.4):
    - FBSnapshotTestCase/SwiftSupport (= 2.1.4)
  - FBSnapshotTestCase/Core (2.1.4)
  - FBSnapshotTestCase/SwiftSupport (2.1.4):
    - FBSnapshotTestCase/Core
  - ImageIOSwift_F2 (0.6.2)

DEPENDENCIES:
  - FBSnapshotTestCase (~> 2.1.4)
  - ImageIOSwift_F2 (from `../`)

SPEC REPOS:
  https://github.com/cocoapods/specs.git:
    - FBSnapshotTestCase

EXTERNAL SOURCES:
  ImageIOSwift_F2:
    :path: "../"

SPEC CHECKSUMS:
  FBSnapshotTestCase: 094f9f314decbabe373b87cc339bea235a63e07a
  ImageIOSwift_F2: 95e83b074c3b2203fb8ee7b7224422fbb380d7bc

PODFILE CHECKSUM: 64fb65a33a63c847ea9b254a2dc596aa0fec8595

COCOAPODS: 1.5.3
